
Microsoft Visual Studio Solution File, Format Version 12.00
# Visual Studio Version 16
VisualStudioVersion = 16.0.29215.179
MinimumVisualStudioVersion = 10.0.40219.1
Project("{9A19103F-16F7-4668-BE54-9A1E7A4F7556}") = "RobotCleaner", "RobotCleaner\RobotCleaner.csproj", "{89A9B271-02F6-460C-B45B-3EE6B1FA08F6}"
EndProject
Project("{9A19103F-16F7-4668-BE54-9A1E7A4F7556}") = "RobotCleanerConsole", "RobotCleanerConsole\RobotCleanerConsole.csproj", "{432496BF-EB1C-4F08-9AC2-DD30F2463B4C}"
EndProject
Project("{9A19103F-16F7-4668-BE54-9A1E7A4F7556}") = "RobotCleanerTests", "RobotCleanerTests\RobotCleanerTests.csproj", "{A70199C5-D03F-429F-BCD3-8607CD5F22E7}"
EndProject
Project("{9A19103F-16F7-4668-BE54-9A1E7A4F7556}") = "RobotCleanerConsoleTests", "RobotCleanerConsoleTests\RobotCleanerConsoleTests.csproj", "{432C6642-BC54-4252-8B42-B5B58CCD161A}"
EndProject
Global
	GlobalSection(SolutionConfigurationPlatforms) = preSolution
		Debug|Any CPU = Debug|Any CPU
		Release|Any CPU = Release|Any CPU
	EndGlobalSection
	GlobalSection(ProjectConfigurationPlatforms) = postSolution
		{89A9B271-02F6-460C-B45B-3EE6B1FA08F6}.Debug|Any CPU.ActiveCfg = Debug|Any CPU
		{89A9B271-02F6-460C-B45B-3EE6B1FA08F6}.Debug|Any CPU.Build.0 = Debug|Any CPU
		{89A9B271-02F6-460C-B45B-3EE6B1FA08F6}.Release|Any CPU.ActiveCfg = Release|Any CPU
		{89A9B271-02F6-460C-B45B-3EE6B1FA08F6}.Release|Any CPU.Build.0 = Release|Any CPU
		{432496BF-EB1C-4F08-9AC2-DD30F2463B4C}.Debug|Any CPU.ActiveCfg = Debug|Any CPU
		{432496BF-EB1C-4F08-9AC2-DD30F2463B4C}.Debug|Any CPU.Build.0 = Debug|Any CPU
		{432496BF-EB1C-4F08-9AC2-DD30F2463B4C}.Release|Any CPU.ActiveCfg = Release|Any CPU
		{432496BF-EB1C-4F08-9AC2-DD30F2463B4C}.Release|Any CPU.Build.0 = Release|Any CPU
		{A70199C5-D03F-429F-BCD3-8607CD5F22E7}.Debug|Any CPU.ActiveCfg = Debug|Any CPU
		{A70199C5-D03F-429F-BCD3-8607CD5F22E7}.Debug|Any CPU.Build.0 = Debug|Any CPU
		{A70199C5-D03F-429F-BCD3-8607CD5F22E7}.Release|Any CPU.ActiveCfg = Release|Any CPU
		{A70199C5-D03F-429F-BCD3-8607CD5F22E7}.Release|Any CPU.Build.0 = Release|Any CPU
		{432C6642-BC54-4252-8B42-B5B58CCD161A}.Debug|Any CPU.ActiveCfg = Debug|Any CPU
		{432C6642-BC54-4252-8B42-B5B58CCD161A}.Debug|Any CPU.Build.0 = Debug|Any CPU
		{432C6642-BC54-4252-8B42-B5B58CCD161A}.Release|Any CPU.ActiveCfg = Release|Any CPU
		{432C6642-BC54-4252-8B42-B5B58CCD161A}.Release|Any CPU.Build.0 = Release|Any CPU
	EndGlobalSection
	GlobalSection(SolutionProperties) = preSolution
		HideSolutionNode = FALSE
	EndGlobalSection
	GlobalSection(ExtensibilityGlobals) = postSolution
		SolutionGuid = {4A1EC8A3-1F28-42A2-B25C-05896CBBD02E}
	EndGlobalSection
EndGlobal
